
Microsoft Visual Studio Solution File, Format Version 12.00
# Visual Studio Version 17
VisualStudioVersion = 17.11.35312.102
MinimumVisualStudioVersion = 10.0.40219.1
Project("{FAE04EC0-301F-11D3-BF4B-00C04F79EFBC}") = "overloading1", "overloading1\overloading1.csproj", "{D9EB8906-8800-49DD-A992-C56958731C33}"
EndProject
Global
	GlobalSection(SolutionConfigurationPlatforms) = preSolution
		Debug|Any CPU = Debug|Any CPU
		Release|Any CPU = Release|Any CPU
	EndGlobalSection
	GlobalSection(ProjectConfigurationPlatforms) = postSolution
		{D9EB8906-8800-49DD-A992-C56958731C33}.Debug|Any CPU.ActiveCfg = Debug|Any CPU
		{D9EB8906-8800-49DD-A992-C56958731C33}.Debug|Any CPU.Build.0 = Debug|Any CPU
		{D9EB8906-8800-49DD-A992-C56958731C33}.Release|Any CPU.ActiveCfg = Release|Any CPU
		{D9EB8906-8800-49DD-A992-C56958731C33}.Release|Any CPU.Build.0 = Release|Any CPU
	EndGlobalSection
	GlobalSection(SolutionProperties) = preSolution
		HideSolutionNode = FALSE
	EndGlobalSection
	GlobalSection(ExtensibilityGlobals) = postSolution
		SolutionGuid = {27331D82-9233-4101-8AA3-599B84732C12}
	EndGlobalSection
EndGlobal
