
Microsoft Visual Studio Solution File, Format Version 12.00
# Visual Studio Version 17
VisualStudioVersion = 17.11.35312.102
MinimumVisualStudioVersion = 10.0.40219.1
Project("{FAE04EC0-301F-11D3-BF4B-00C04F79EFBC}") = "overloading2", "overloading2\overloading2.csproj", "{9A7E1279-5440-4079-8CD5-929D6E84429A}"
EndProject
Global
	GlobalSection(SolutionConfigurationPlatforms) = preSolution
		Debug|Any CPU = Debug|Any CPU
		Release|Any CPU = Release|Any CPU
	EndGlobalSection
	GlobalSection(ProjectConfigurationPlatforms) = postSolution
		{9A7E1279-5440-4079-8CD5-929D6E84429A}.Debug|Any CPU.ActiveCfg = Debug|Any CPU
		{9A7E1279-5440-4079-8CD5-929D6E84429A}.Debug|Any CPU.Build.0 = Debug|Any CPU
		{9A7E1279-5440-4079-8CD5-929D6E84429A}.Release|Any CPU.ActiveCfg = Release|Any CPU
		{9A7E1279-5440-4079-8CD5-929D6E84429A}.Release|Any CPU.Build.0 = Release|Any CPU
	EndGlobalSection
	GlobalSection(SolutionProperties) = preSolution
		HideSolutionNode = FALSE
	EndGlobalSection
	GlobalSection(ExtensibilityGlobals) = postSolution
		SolutionGuid = {47192733-13C6-49AF-94EE-5B3D94B22F16}
	EndGlobalSection
EndGlobal
